
Microsoft Visual Studio Solution File, Format Version 12.00
# Visual Studio 15
VisualStudioVersion = 15.0.27428.2037
MinimumVisualStudioVersion = 10.0.40219.1
Project("{FAE04EC0-301F-11D3-BF4B-00C04F79EFBC}") = "NeoContract_whm", "NeoContract_whm\NeoContract_whm.csproj", "{67DB513D-FF30-46DD-BFAD-B2B26381F307}"
EndProject
Global
	GlobalSection(SolutionConfigurationPlatforms) = preSolution
		Debug|Any CPU = Debug|Any CPU
		Release|Any CPU = Release|Any CPU
	EndGlobalSection
	GlobalSection(ProjectConfigurationPlatforms) = postSolution
		{67DB513D-FF30-46DD-BFAD-B2B26381F307}.Debug|Any CPU.ActiveCfg = Debug|Any CPU
		{67DB513D-FF30-46DD-BFAD-B2B26381F307}.Debug|Any CPU.Build.0 = Debug|Any CPU
		{67DB513D-FF30-46DD-BFAD-B2B26381F307}.Release|Any CPU.ActiveCfg = Release|Any CPU
		{67DB513D-FF30-46DD-BFAD-B2B26381F307}.Release|Any CPU.Build.0 = Release|Any CPU
	EndGlobalSection
	GlobalSection(SolutionProperties) = preSolution
		HideSolutionNode = FALSE
	EndGlobalSection
	GlobalSection(ExtensibilityGlobals) = postSolution
		SolutionGuid = {FC2E2517-C73E-4EFE-89C2-45CFE78165DA}
	EndGlobalSection
EndGlobal
